
Microsoft Visual Studio Solution File, Format Version 12.00
# Visual Studio Version 16
VisualStudioVersion = 16.0.31321.278
MinimumVisualStudioVersion = 10.0.40219.1
Project("{00D1A9C2-B5F0-4AF3-8072-F6C62B433612}") = "BaseDatos", "BaseDatos\BaseDatos.sqlproj", "{3EC12E2F-40A1-42F8-B46A-9A401D8BC077}"
EndProject
Project("{9A19103F-16F7-4668-BE54-9A1E7A4F7556}") = "BD", "BD\BD.csproj", "{C459DFD1-E480-4ECC-8703-53A9602FD596}"
EndProject
Project("{9A19103F-16F7-4668-BE54-9A1E7A4F7556}") = "Entity", "Entity\Entity.csproj", "{2956D044-5F55-466F-9DB4-1366C523ED06}"
EndProject
Project("{9A19103F-16F7-4668-BE54-9A1E7A4F7556}") = "WBL", "WBL\WBL.csproj", "{07A3CB0B-06C2-4B01-BA77-00D9A23EAC55}"
EndProject
Project("{FAE04EC0-301F-11D3-BF4B-00C04F79EFBC}") = "WebApp", "WebApp\WebApp.csproj", "{0C10AF7E-0816-409E-862D-ACE01755CB46}"
EndProject
Global
	GlobalSection(SolutionConfigurationPlatforms) = preSolution
		Debug|Any CPU = Debug|Any CPU
		Release|Any CPU = Release|Any CPU
	EndGlobalSection
	GlobalSection(ProjectConfigurationPlatforms) = postSolution
		{3EC12E2F-40A1-42F8-B46A-9A401D8BC077}.Debug|Any CPU.ActiveCfg = Debug|Any CPU
		{3EC12E2F-40A1-42F8-B46A-9A401D8BC077}.Debug|Any CPU.Build.0 = Debug|Any CPU
		{3EC12E2F-40A1-42F8-B46A-9A401D8BC077}.Debug|Any CPU.Deploy.0 = Debug|Any CPU
		{3EC12E2F-40A1-42F8-B46A-9A401D8BC077}.Release|Any CPU.ActiveCfg = Release|Any CPU
		{3EC12E2F-40A1-42F8-B46A-9A401D8BC077}.Release|Any CPU.Build.0 = Release|Any CPU
		{3EC12E2F-40A1-42F8-B46A-9A401D8BC077}.Release|Any CPU.Deploy.0 = Release|Any CPU
		{C459DFD1-E480-4ECC-8703-53A9602FD596}.Debug|Any CPU.ActiveCfg = Debug|Any CPU
		{C459DFD1-E480-4ECC-8703-53A9602FD596}.Debug|Any CPU.Build.0 = Debug|Any CPU
		{C459DFD1-E480-4ECC-8703-53A9602FD596}.Release|Any CPU.ActiveCfg = Release|Any CPU
		{C459DFD1-E480-4ECC-8703-53A9602FD596}.Release|Any CPU.Build.0 = Release|Any CPU
		{2956D044-5F55-466F-9DB4-1366C523ED06}.Debug|Any CPU.ActiveCfg = Debug|Any CPU
		{2956D044-5F55-466F-9DB4-1366C523ED06}.Debug|Any CPU.Build.0 = Debug|Any CPU
		{2956D044-5F55-466F-9DB4-1366C523ED06}.Release|Any CPU.ActiveCfg = Release|Any CPU
		{2956D044-5F55-466F-9DB4-1366C523ED06}.Release|Any CPU.Build.0 = Release|Any CPU
		{07A3CB0B-06C2-4B01-BA77-00D9A23EAC55}.Debug|Any CPU.ActiveCfg = Debug|Any CPU
		{07A3CB0B-06C2-4B01-BA77-00D9A23EAC55}.Debug|Any CPU.Build.0 = Debug|Any CPU
		{07A3CB0B-06C2-4B01-BA77-00D9A23EAC55}.Release|Any CPU.ActiveCfg = Release|Any CPU
		{07A3CB0B-06C2-4B01-BA77-00D9A23EAC55}.Release|Any CPU.Build.0 = Release|Any CPU
		{0C10AF7E-0816-409E-862D-ACE01755CB46}.Debug|Any CPU.ActiveCfg = Debug|Any CPU
		{0C10AF7E-0816-409E-862D-ACE01755CB46}.Debug|Any CPU.Build.0 = Debug|Any CPU
		{0C10AF7E-0816-409E-862D-ACE01755CB46}.Release|Any CPU.ActiveCfg = Release|Any CPU
		{0C10AF7E-0816-409E-862D-ACE01755CB46}.Release|Any CPU.Build.0 = Release|Any CPU
	EndGlobalSection
	GlobalSection(SolutionProperties) = preSolution
		HideSolutionNode = FALSE
	EndGlobalSection
	GlobalSection(ExtensibilityGlobals) = postSolution
		SolutionGuid = {9B0EC416-4AE1-4212-8828-A89C233DAD69}
	EndGlobalSection
EndGlobal
